
Microsoft Visual Studio Solution File, Format Version 12.00
# Visual Studio Version 17
VisualStudioVersion = 17.3.32901.215
MinimumVisualStudioVersion = 10.0.40219.1
Project("{FAE04EC0-301F-11D3-BF4B-00C04F79EFBC}") = "UIParser", "UIParser\UIParser.csproj", "{DF9A1525-56E9-42E5-B62B-1781EF280953}"
EndProject
Global
	GlobalSection(SolutionConfigurationPlatforms) = preSolution
		Debug|Any CPU = Debug|Any CPU
		Release|Any CPU = Release|Any CPU
	EndGlobalSection
	GlobalSection(ProjectConfigurationPlatforms) = postSolution
		{DF9A1525-56E9-42E5-B62B-1781EF280953}.Debug|Any CPU.ActiveCfg = Debug|Any CPU
		{DF9A1525-56E9-42E5-B62B-1781EF280953}.Debug|Any CPU.Build.0 = Debug|Any CPU
		{DF9A1525-56E9-42E5-B62B-1781EF280953}.Release|Any CPU.ActiveCfg = Release|Any CPU
		{DF9A1525-56E9-42E5-B62B-1781EF280953}.Release|Any CPU.Build.0 = Release|Any CPU
	EndGlobalSection
	GlobalSection(SolutionProperties) = preSolution
		HideSolutionNode = FALSE
	EndGlobalSection
	GlobalSection(ExtensibilityGlobals) = postSolution
		SolutionGuid = {A46913E1-FF35-4423-B6CA-1D46CAA8EEDF}
	EndGlobalSection
EndGlobal
