
Microsoft Visual Studio Solution File, Format Version 12.00
# Visual Studio Version 17
VisualStudioVersion = 17.4.33122.133
MinimumVisualStudioVersion = 10.0.40219.1
Project("{FAE04EC0-301F-11D3-BF4B-00C04F79EFBC}") = "Lab1.Task1", "Lab1.Task1\Lab1.Task1.csproj", "{8D41B1F4-DD0A-4A6D-A20C-20F39FACD371}"
EndProject
Project("{FAE04EC0-301F-11D3-BF4B-00C04F79EFBC}") = "Lab1.Task2", "Lab1.Task2\Lab1.Task2.csproj", "{268AA0BD-B109-4DF1-9C06-D8E0A8895907}"
EndProject
Project("{FAE04EC0-301F-11D3-BF4B-00C04F79EFBC}") = "Lab1.Task3", "Lab1.Task3\Lab1.Task3.csproj", "{DF615153-B83F-4C23-A907-BE40571CBAA9}"
EndProject
Project("{FAE04EC0-301F-11D3-BF4B-00C04F79EFBC}") = "Lab1.Task4", "Lab1.Task4\Lab1.Task4.csproj", "{1CB06939-729C-471B-B204-BAD74774F61A}"
EndProject
Project("{FAE04EC0-301F-11D3-BF4B-00C04F79EFBC}") = "Lab1.Task5", "Lab1.Task5\Lab1.Task5.csproj", "{79360C55-3C8C-44C8-AFAA-2EF8D60BBB80}"
EndProject
Project("{FAE04EC0-301F-11D3-BF4B-00C04F79EFBC}") = "Lab1.Task6", "Lab1.Task6\Lab1.Task6.csproj", "{229F041E-EB29-433A-9986-0F6FB178B142}"
EndProject
Project("{FAE04EC0-301F-11D3-BF4B-00C04F79EFBC}") = "Lab2.Task1", "Lab2.Task1\Lab2.Task1.csproj", "{F5673D65-6542-4250-9619-A76480FBAE21}"
EndProject
Project("{FAE04EC0-301F-11D3-BF4B-00C04F79EFBC}") = "Lab2.Task2", "Lab2.Task2\Lab2.Task2.csproj", "{066DC5AB-379D-4D81-AED4-733B0660AB06}"
EndProject
Project("{FAE04EC0-301F-11D3-BF4B-00C04F79EFBC}") = "Lab2.Task3", "Lab2.Task3\Lab2.Task3.csproj", "{D1BB819A-33EA-4C19-9466-289F46B1F983}"
EndProject
Global
	GlobalSection(SolutionConfigurationPlatforms) = preSolution
		Debug|Any CPU = Debug|Any CPU
		Release|Any CPU = Release|Any CPU
	EndGlobalSection
	GlobalSection(ProjectConfigurationPlatforms) = postSolution
		{8D41B1F4-DD0A-4A6D-A20C-20F39FACD371}.Debug|Any CPU.ActiveCfg = Debug|Any CPU
		{8D41B1F4-DD0A-4A6D-A20C-20F39FACD371}.Debug|Any CPU.Build.0 = Debug|Any CPU
		{8D41B1F4-DD0A-4A6D-A20C-20F39FACD371}.Release|Any CPU.ActiveCfg = Release|Any CPU
		{8D41B1F4-DD0A-4A6D-A20C-20F39FACD371}.Release|Any CPU.Build.0 = Release|Any CPU
		{268AA0BD-B109-4DF1-9C06-D8E0A8895907}.Debug|Any CPU.ActiveCfg = Debug|Any CPU
		{268AA0BD-B109-4DF1-9C06-D8E0A8895907}.Debug|Any CPU.Build.0 = Debug|Any CPU
		{268AA0BD-B109-4DF1-9C06-D8E0A8895907}.Release|Any CPU.ActiveCfg = Release|Any CPU
		{268AA0BD-B109-4DF1-9C06-D8E0A8895907}.Release|Any CPU.Build.0 = Release|Any CPU
		{DF615153-B83F-4C23-A907-BE40571CBAA9}.Debug|Any CPU.ActiveCfg = Debug|Any CPU
		{DF615153-B83F-4C23-A907-BE40571CBAA9}.Debug|Any CPU.Build.0 = Debug|Any CPU
		{DF615153-B83F-4C23-A907-BE40571CBAA9}.Release|Any CPU.ActiveCfg = Release|Any CPU
		{DF615153-B83F-4C23-A907-BE40571CBAA9}.Release|Any CPU.Build.0 = Release|Any CPU
		{1CB06939-729C-471B-B204-BAD74774F61A}.Debug|Any CPU.ActiveCfg = Debug|Any CPU
		{1CB06939-729C-471B-B204-BAD74774F61A}.Debug|Any CPU.Build.0 = Debug|Any CPU
		{1CB06939-729C-471B-B204-BAD74774F61A}.Release|Any CPU.ActiveCfg = Release|Any CPU
		{1CB06939-729C-471B-B204-BAD74774F61A}.Release|Any CPU.Build.0 = Release|Any CPU
		{79360C55-3C8C-44C8-AFAA-2EF8D60BBB80}.Debug|Any CPU.ActiveCfg = Debug|Any CPU
		{79360C55-3C8C-44C8-AFAA-2EF8D60BBB80}.Debug|Any CPU.Build.0 = Debug|Any CPU
		{79360C55-3C8C-44C8-AFAA-2EF8D60BBB80}.Release|Any CPU.ActiveCfg = Release|Any CPU
		{79360C55-3C8C-44C8-AFAA-2EF8D60BBB80}.Release|Any CPU.Build.0 = Release|Any CPU
		{229F041E-EB29-433A-9986-0F6FB178B142}.Debug|Any CPU.ActiveCfg = Debug|Any CPU
		{229F041E-EB29-433A-9986-0F6FB178B142}.Debug|Any CPU.Build.0 = Debug|Any CPU
		{229F041E-EB29-433A-9986-0F6FB178B142}.Release|Any CPU.ActiveCfg = Release|Any CPU
		{229F041E-EB29-433A-9986-0F6FB178B142}.Release|Any CPU.Build.0 = Release|Any CPU
		{F5673D65-6542-4250-9619-A76480FBAE21}.Debug|Any CPU.ActiveCfg = Debug|Any CPU
		{F5673D65-6542-4250-9619-A76480FBAE21}.Debug|Any CPU.Build.0 = Debug|Any CPU
		{F5673D65-6542-4250-9619-A76480FBAE21}.Release|Any CPU.ActiveCfg = Release|Any CPU
		{F5673D65-6542-4250-9619-A76480FBAE21}.Release|Any CPU.Build.0 = Release|Any CPU
		{066DC5AB-379D-4D81-AED4-733B0660AB06}.Debug|Any CPU.ActiveCfg = Debug|Any CPU
		{066DC5AB-379D-4D81-AED4-733B0660AB06}.Debug|Any CPU.Build.0 = Debug|Any CPU
		{066DC5AB-379D-4D81-AED4-733B0660AB06}.Release|Any CPU.ActiveCfg = Release|Any CPU
		{066DC5AB-379D-4D81-AED4-733B0660AB06}.Release|Any CPU.Build.0 = Release|Any CPU
		{D1BB819A-33EA-4C19-9466-289F46B1F983}.Debug|Any CPU.ActiveCfg = Debug|Any CPU
		{D1BB819A-33EA-4C19-9466-289F46B1F983}.Debug|Any CPU.Build.0 = Debug|Any CPU
		{D1BB819A-33EA-4C19-9466-289F46B1F983}.Release|Any CPU.ActiveCfg = Release|Any CPU
		{D1BB819A-33EA-4C19-9466-289F46B1F983}.Release|Any CPU.Build.0 = Release|Any CPU
	EndGlobalSection
	GlobalSection(SolutionProperties) = preSolution
		HideSolutionNode = FALSE
	EndGlobalSection
	GlobalSection(ExtensibilityGlobals) = postSolution
		SolutionGuid = {25F31A02-864C-4645-AEB6-2ABD0F3A3BB5}
	EndGlobalSection
EndGlobal
