
Microsoft Visual Studio Solution File, Format Version 12.00
# Visual Studio Version 16
VisualStudioVersion = 16.0.29326.143
MinimumVisualStudioVersion = 10.0.40219.1
Project("{FAE04EC0-301F-11D3-BF4B-00C04F79EFBC}") = "CourseWork", "CourseWork\CourseWork.csproj", "{02E02B53-10E1-42E0-932F-20CB54E31EAB}"
EndProject
Global
	GlobalSection(SolutionConfigurationPlatforms) = preSolution
		Debug|Any CPU = Debug|Any CPU
		Release|Any CPU = Release|Any CPU
	EndGlobalSection
	GlobalSection(ProjectConfigurationPlatforms) = postSolution
		{02E02B53-10E1-42E0-932F-20CB54E31EAB}.Debug|Any CPU.ActiveCfg = Debug|Any CPU
		{02E02B53-10E1-42E0-932F-20CB54E31EAB}.Debug|Any CPU.Build.0 = Debug|Any CPU
		{02E02B53-10E1-42E0-932F-20CB54E31EAB}.Release|Any CPU.ActiveCfg = Release|Any CPU
		{02E02B53-10E1-42E0-932F-20CB54E31EAB}.Release|Any CPU.Build.0 = Release|Any CPU
	EndGlobalSection
	GlobalSection(SolutionProperties) = preSolution
		HideSolutionNode = FALSE
	EndGlobalSection
	GlobalSection(ExtensibilityGlobals) = postSolution
		SolutionGuid = {690EA5F7-EA22-4F79-B752-BCC0DFBB05DA}
	EndGlobalSection
EndGlobal
