
Microsoft Visual Studio Solution File, Format Version 12.00
# Visual Studio Version 17
VisualStudioVersion = 17.0.32126.317
MinimumVisualStudioVersion = 10.0.40219.1
Project("{FAE04EC0-301F-11D3-BF4B-00C04F79EFBC}") = "lab2zadanie", "lab2zadanie\lab2zadanie.csproj", "{80640E44-98F1-4AF6-8786-1304F183AA4F}"
EndProject
Global
	GlobalSection(SolutionConfigurationPlatforms) = preSolution
		Debug|Any CPU = Debug|Any CPU
		Release|Any CPU = Release|Any CPU
	EndGlobalSection
	GlobalSection(ProjectConfigurationPlatforms) = postSolution
		{80640E44-98F1-4AF6-8786-1304F183AA4F}.Debug|Any CPU.ActiveCfg = Debug|Any CPU
		{80640E44-98F1-4AF6-8786-1304F183AA4F}.Debug|Any CPU.Build.0 = Debug|Any CPU
		{80640E44-98F1-4AF6-8786-1304F183AA4F}.Release|Any CPU.ActiveCfg = Release|Any CPU
		{80640E44-98F1-4AF6-8786-1304F183AA4F}.Release|Any CPU.Build.0 = Release|Any CPU
	EndGlobalSection
	GlobalSection(SolutionProperties) = preSolution
		HideSolutionNode = FALSE
	EndGlobalSection
	GlobalSection(ExtensibilityGlobals) = postSolution
		SolutionGuid = {8D9739C3-DD16-447E-91F2-5B71479BCE15}
	EndGlobalSection
EndGlobal
